--- 
dependencies: 
  libnotify: 
    group: 
    - :test
    version: ">= 0"
  jeweler: 
    group: 
    - :test
    version: ">= 0"
  riot_notifier: 
    group: 
    - :default
    version: ">= 0"
  riot: 
    group: 
    - :default
    version: ">= 0"
specs: 
- rake: 
    version: 0.8.7
- ffi: 
    version: 0.6.3
- json_pure: 
    version: 1.4.3
- gemcutter: 
    version: 0.5.0
- git: 
    version: 1.2.5
- rubyforge: 
    version: 2.0.4
- jeweler: 
    version: 1.4.0
- libnotify: 
    version: 0.1.4
- rr: 
    version: 0.10.11
- term-ansicolor: 
    version: 1.0.5
- riot: 
    version: 0.11.2
- riot_notifier: 
    version: 0.1.1
hash: 6a111bec9b2b682a5f223928b9f0e22aad77edaa
sources: 
- Rubygems: 
    uri: http://rubygems.org
